
Microsoft Visual Studio Solution File, Format Version 12.00
# Visual Studio Version 17
VisualStudioVersion = 17.13.35913.81 d17.13
MinimumVisualStudioVersion = 10.0.40219.1
Project("{FAE04EC0-301F-11D3-BF4B-00C04F79EFBC}") = "Final Project Samurai Game", "Final Project Samurai Game\Final Project Samurai Game.csproj", "{6021E7D7-9CB0-44E3-AE6A-36F662109EF8}"
EndProject
Global
	GlobalSection(SolutionConfigurationPlatforms) = preSolution
		Debug|Any CPU = Debug|Any CPU
		Release|Any CPU = Release|Any CPU
	EndGlobalSection
	GlobalSection(ProjectConfigurationPlatforms) = postSolution
		{6021E7D7-9CB0-44E3-AE6A-36F662109EF8}.Debug|Any CPU.ActiveCfg = Debug|Any CPU
		{6021E7D7-9CB0-44E3-AE6A-36F662109EF8}.Debug|Any CPU.Build.0 = Debug|Any CPU
		{6021E7D7-9CB0-44E3-AE6A-36F662109EF8}.Release|Any CPU.ActiveCfg = Release|Any CPU
		{6021E7D7-9CB0-44E3-AE6A-36F662109EF8}.Release|Any CPU.Build.0 = Release|Any CPU
	EndGlobalSection
	GlobalSection(SolutionProperties) = preSolution
		HideSolutionNode = FALSE
	EndGlobalSection
	GlobalSection(ExtensibilityGlobals) = postSolution
		SolutionGuid = {1DA2B06B-D7D6-46CB-B95E-47742CA9E2EF}
	EndGlobalSection
EndGlobal
